{
  "name": "pebble-timer-plus",
  "version": "4.2.0",
  "lockfileVersion": 3,
  "requires": true,
  "packages": {
    "": {
      "name": "pebble-timer-plus",
      "version": "4.2.0",
      "dependencies": {
        "pebble-scalable": "^2.0.0"
      }
    },
    "node_modules/pebble-scalable": {
      "version": "2.0.0",
      "resolved": "https://registry.npmjs.org/pebble-scalable/-/pebble-scalable-2.0.0.tgz",
      "integrity": "sha512-34RWQiXg0/5OIi5RLNJUOlNyi9k+dd7DVpB3LLIxNDBt5GfxlP3taY+Mq7QBc9isvc6LOvCkyr4Gcd36kKBOng=="
    }
  }
}
