{
  "name": "pebble-timer-plus",
  "version": "4.4.0",
  "lockfileVersion": 3,
  "requires": true,
  "packages": {
    "": {
      "name": "pebble-timer-plus",
      "version": "4.4.0",
      "dependencies": {
        "pebble-scalable": "^2.2.0"
      }
    },
    "node_modules/pebble-scalable": {
      "version": "2.2.0",
      "resolved": "https://registry.npmjs.org/pebble-scalable/-/pebble-scalable-2.2.0.tgz",
      "integrity": "sha512-JbeioWDaCrrvk0bj4VRWWvAuaPUFnblE83YS7Iu9Ew5mLcxsr7szs03aeHI2q+qL1Opr+YL+z3Mp2rVhfBpBww=="
    }
  }
}
